{
  "object": {
    "pins": [
      {
        "package": "Alamofire",
        "repositoryURL": "https://github.com/Alamofire/Alamofire.git",
        "state": {
          "branch": null,
          "revision": "d120af1e8638c7da36c8481fd61a66c0c08dc4fc",
          "version": "5.4.4"
        }
      },
      {
        "package": "SwiftUIX",
        "repositoryURL": "https://github.com/SwiftUIX/SwiftUIX",
        "state": {
          "branch": "master",
          "revision": "c91cc0ae417fbcf9a35dfb965b793f83c62a2c13",
          "version": null
        }
      }
    ]
  },
  "version": 1
}
